
Microsoft Visual Studio Solution File, Format Version 12.00
# Visual Studio Version 17
VisualStudioVersion = 17.8.34212.112
MinimumVisualStudioVersion = 10.0.40219.1
Project("{FAE04EC0-301F-11D3-BF4B-00C04F79EFBC}") = "HomeWork_4T", "HomeWork_4T\HomeWork_4T.csproj", "{DB8C2996-E81C-415F-AD07-5FEF8F7BEBF7}"
EndProject
Global
	GlobalSection(SolutionConfigurationPlatforms) = preSolution
		Debug|Any CPU = Debug|Any CPU
		Release|Any CPU = Release|Any CPU
	EndGlobalSection
	GlobalSection(ProjectConfigurationPlatforms) = postSolution
		{DB8C2996-E81C-415F-AD07-5FEF8F7BEBF7}.Debug|Any CPU.ActiveCfg = Debug|Any CPU
		{DB8C2996-E81C-415F-AD07-5FEF8F7BEBF7}.Debug|Any CPU.Build.0 = Debug|Any CPU
		{DB8C2996-E81C-415F-AD07-5FEF8F7BEBF7}.Release|Any CPU.ActiveCfg = Release|Any CPU
		{DB8C2996-E81C-415F-AD07-5FEF8F7BEBF7}.Release|Any CPU.Build.0 = Release|Any CPU
	EndGlobalSection
	GlobalSection(SolutionProperties) = preSolution
		HideSolutionNode = FALSE
	EndGlobalSection
	GlobalSection(ExtensibilityGlobals) = postSolution
		SolutionGuid = {AE6CBD19-1F53-4368-A644-12A0465BD46E}
	EndGlobalSection
EndGlobal
